# Fully resolved Python 3.12 production environment.
# Regenerate deliberately after reviewing changes to requirements.txt.
aiohappyeyeballs==2.7.1
aiohttp==3.14.3
aiosignal==1.4.0
annotated-types==0.8.0
anyio==4.14.2
attrs==26.1.0
cachetools==5.5.2
certifi==2026.7.22
charset-normalizer==3.4.9
click==8.4.2
distro==1.9.0
fastapi==0.110.0
feedparser==6.0.12
filelock==3.32.2
frozenlist==1.8.0
google-api-core==2.30.3
google-api-python-client==2.122.0
google-auth==2.29.0
google-auth-httplib2==0.2.0
google-auth-oauthlib==1.2.0
google-genai==1.2.0
googleapis-common-protos==1.75.0
greenlet==3.0.3
grpcio==1.83.0
h11==0.16.0
httpcore==1.0.9
httplib2==0.32.0
httpx==0.26.0
idna==3.18
jiter==0.16.0
multidict==6.7.1
oauthlib==3.3.1
openai==2.37.0
opentelemetry-api==1.44.0
opentelemetry-sdk==1.44.0
opentelemetry-semantic-conventions==0.65b0
packaging==25.0
pillow==12.3.0
playwright==1.44.0
propcache==0.5.2
proto-plus==1.28.2
protobuf==6.33.6
pyasn1==0.6.4
pyasn1_modules==0.4.2
pydantic==2.13.4
pydantic_core==2.46.4
pyee==11.1.0
pyparsing==3.3.2
python-dotenv==1.0.1
reportlab==5.0.0
requests==2.31.0
requests-oauthlib==2.0.0
rsa==4.9.1
sgmllib3k==1.0.0
sniffio==1.3.1
starlette==0.36.3
tqdm==4.70.0
typing_extensions==4.16.0
typing-inspection==0.4.2
uritemplate==4.2.0
urllib3==2.7.0
uvicorn==0.28.0
websockets==14.2
xai-sdk==1.17.0
yarl==1.24.5
